
Microsoft Visual Studio Solution File, Format Version 12.00
# Visual Studio Version 17
VisualStudioVersion = 17.7.34009.444
MinimumVisualStudioVersion = 10.0.40219.1
Project("{FAE04EC0-301F-11D3-BF4B-00C04F79EFBC}") = "SifreKasasiApp.Web", "SifreKasasiApp.Web.csproj", "{D50B1B8D-DEA7-4703-857D-32538D324A53}"
EndProject
Project("{FAE04EC0-301F-11D3-BF4B-00C04F79EFBC}") = "SifreKasasiApp.EntityLayer", "..\SifreKasasiApp.EntityLayer\SifreKasasiApp.EntityLayer.csproj", "{B4FF1DB3-C535-4B3C-B65E-A2D4EA48F77E}"
EndProject
Project("{FAE04EC0-301F-11D3-BF4B-00C04F79EFBC}") = "SifreKasasiApp.Data", "..\SifreKasasiApp.Data\SifreKasasiApp.Data.csproj", "{A49292CD-C13E-400E-8100-B97C1722B7FA}"
EndProject
Project("{FAE04EC0-301F-11D3-BF4B-00C04F79EFBC}") = "SifreKasasiApp.Business", "..\SifreKasasiApp.Business\SifreKasasiApp.Business.csproj", "{CD4B9AE2-73E8-4989-AA9D-B0D129632F6E}"
EndProject
Project("{FAE04EC0-301F-11D3-BF4B-00C04F79EFBC}") = "SifreKasasiApp.API", "..\SifreKasasiApp.API\SifreKasasiApp.API.csproj", "{63625B2E-5908-4D7F-B9B1-3DFF3A5F33A4}"
EndProject
Global
	GlobalSection(SolutionConfigurationPlatforms) = preSolution
		Debug|Any CPU = Debug|Any CPU
		Release|Any CPU = Release|Any CPU
	EndGlobalSection
	GlobalSection(ProjectConfigurationPlatforms) = postSolution
		{D50B1B8D-DEA7-4703-857D-32538D324A53}.Debug|Any CPU.ActiveCfg = Debug|Any CPU
		{D50B1B8D-DEA7-4703-857D-32538D324A53}.Debug|Any CPU.Build.0 = Debug|Any CPU
		{D50B1B8D-DEA7-4703-857D-32538D324A53}.Release|Any CPU.ActiveCfg = Release|Any CPU
		{D50B1B8D-DEA7-4703-857D-32538D324A53}.Release|Any CPU.Build.0 = Release|Any CPU
		{B4FF1DB3-C535-4B3C-B65E-A2D4EA48F77E}.Debug|Any CPU.ActiveCfg = Debug|Any CPU
		{B4FF1DB3-C535-4B3C-B65E-A2D4EA48F77E}.Debug|Any CPU.Build.0 = Debug|Any CPU
		{B4FF1DB3-C535-4B3C-B65E-A2D4EA48F77E}.Release|Any CPU.ActiveCfg = Release|Any CPU
		{B4FF1DB3-C535-4B3C-B65E-A2D4EA48F77E}.Release|Any CPU.Build.0 = Release|Any CPU
		{A49292CD-C13E-400E-8100-B97C1722B7FA}.Debug|Any CPU.ActiveCfg = Debug|Any CPU
		{A49292CD-C13E-400E-8100-B97C1722B7FA}.Debug|Any CPU.Build.0 = Debug|Any CPU
		{A49292CD-C13E-400E-8100-B97C1722B7FA}.Release|Any CPU.ActiveCfg = Release|Any CPU
		{A49292CD-C13E-400E-8100-B97C1722B7FA}.Release|Any CPU.Build.0 = Release|Any CPU
		{CD4B9AE2-73E8-4989-AA9D-B0D129632F6E}.Debug|Any CPU.ActiveCfg = Debug|Any CPU
		{CD4B9AE2-73E8-4989-AA9D-B0D129632F6E}.Debug|Any CPU.Build.0 = Debug|Any CPU
		{CD4B9AE2-73E8-4989-AA9D-B0D129632F6E}.Release|Any CPU.ActiveCfg = Release|Any CPU
		{CD4B9AE2-73E8-4989-AA9D-B0D129632F6E}.Release|Any CPU.Build.0 = Release|Any CPU
		{63625B2E-5908-4D7F-B9B1-3DFF3A5F33A4}.Debug|Any CPU.ActiveCfg = Debug|Any CPU
		{63625B2E-5908-4D7F-B9B1-3DFF3A5F33A4}.Debug|Any CPU.Build.0 = Debug|Any CPU
		{63625B2E-5908-4D7F-B9B1-3DFF3A5F33A4}.Release|Any CPU.ActiveCfg = Release|Any CPU
		{63625B2E-5908-4D7F-B9B1-3DFF3A5F33A4}.Release|Any CPU.Build.0 = Release|Any CPU
	EndGlobalSection
	GlobalSection(SolutionProperties) = preSolution
		HideSolutionNode = FALSE
	EndGlobalSection
	GlobalSection(ExtensibilityGlobals) = postSolution
		SolutionGuid = {C4E60CE0-32E4-4B49-9EA8-67C315E8318B}
	EndGlobalSection
EndGlobal
